<Solution>
  <Project Path="DotNetPatternsDemo.Application/DotNetPatternsDemo.Application.csproj" />
  <Project Path="DotNetPatternsDemo.Domain/DotNetPatternsDemo.Domain.csproj" />
  <Project Path="DotNetPatternsDemo.Infrastructure/DotNetPatternsDemo.Infrastructure.csproj" />
  <Project Path="DotNetPatternsDemo/DotNetPatternsDemo.csproj" />
</Solution>
